
GITHUB
  remote: fsharp/FSharp.Data
  specs:
    src/CommonRuntime/IO.fs (33ee15248045683471c7cc2aa8bd1fa681ebe48e)
    src/CommonRuntime/TextConversions.fs (33ee15248045683471c7cc2aa8bd1fa681ebe48e)
    src/Json/JsonConversions.fs (33ee15248045683471c7cc2aa8bd1fa681ebe48e)
    src/Json/JsonExtensions.fs (33ee15248045683471c7cc2aa8bd1fa681ebe48e)
    src/Json/JsonValue.fs (33ee15248045683471c7cc2aa8bd1fa681ebe48e)
    src/Net/Http.fs (33ee15248045683471c7cc2aa8bd1fa681ebe48e)
    src/Net/UriUtils.fs (33ee15248045683471c7cc2aa8bd1fa681ebe48e)