
Microsoft Visual Studio Solution File, Format Version 12.00
# Visual Studio 14
VisualStudioVersion = 14.0.22823.1
MinimumVisualStudioVersion = 10.0.40219.1
Project("{F2A71F9B-5D33-465A-A702-920D77279786}") = "MiniJson", "MiniJson\MiniJson.fsproj", "{68C7233E-B616-4233-A3B8-6881F11DFB2F}"
EndProject
Project("{F2A71F9B-5D33-465A-A702-920D77279786}") = "MiniJson.Reference", "MiniJson.Reference\MiniJson.Reference.fsproj", "{821C50D0-C33E-4CEB-B1C5-767CA682083A}"
EndProject
Project("{F2A71F9B-5D33-465A-A702-920D77279786}") = "MiniJson.Tests", "MiniJson.Tests\MiniJson.Tests.fsproj", "{387B94CC-4E4D-4F3C-BF80-5916C895E404}"
EndProject
Project("{F2A71F9B-5D33-465A-A702-920D77279786}") = "MiniJson.Paket", "MiniJson.Paket\MiniJson.Paket.fsproj", "{C3711D8D-21A1-4E9A-B130-F4B4193C24E6}"
EndProject
Global
	GlobalSection(SolutionConfigurationPlatforms) = preSolution
		Debug|Any CPU = Debug|Any CPU
		Release|Any CPU = Release|Any CPU
	EndGlobalSection
	GlobalSection(ProjectConfigurationPlatforms) = postSolution
		{68C7233E-B616-4233-A3B8-6881F11DFB2F}.Debug|Any CPU.ActiveCfg = Debug|Any CPU
		{68C7233E-B616-4233-A3B8-6881F11DFB2F}.Debug|Any CPU.Build.0 = Debug|Any CPU
		{68C7233E-B616-4233-A3B8-6881F11DFB2F}.Release|Any CPU.ActiveCfg = Release|Any CPU
		{68C7233E-B616-4233-A3B8-6881F11DFB2F}.Release|Any CPU.Build.0 = Release|Any CPU
		{821C50D0-C33E-4CEB-B1C5-767CA682083A}.Debug|Any CPU.ActiveCfg = Debug|Any CPU
		{821C50D0-C33E-4CEB-B1C5-767CA682083A}.Debug|Any CPU.Build.0 = Debug|Any CPU
		{821C50D0-C33E-4CEB-B1C5-767CA682083A}.Release|Any CPU.ActiveCfg = Release|Any CPU
		{821C50D0-C33E-4CEB-B1C5-767CA682083A}.Release|Any CPU.Build.0 = Release|Any CPU
		{387B94CC-4E4D-4F3C-BF80-5916C895E404}.Debug|Any CPU.ActiveCfg = Debug|Any CPU
		{387B94CC-4E4D-4F3C-BF80-5916C895E404}.Debug|Any CPU.Build.0 = Debug|Any CPU
		{387B94CC-4E4D-4F3C-BF80-5916C895E404}.Release|Any CPU.ActiveCfg = Release|Any CPU
		{387B94CC-4E4D-4F3C-BF80-5916C895E404}.Release|Any CPU.Build.0 = Release|Any CPU
		{C3711D8D-21A1-4E9A-B130-F4B4193C24E6}.Debug|Any CPU.ActiveCfg = Debug|Any CPU
		{C3711D8D-21A1-4E9A-B130-F4B4193C24E6}.Debug|Any CPU.Build.0 = Debug|Any CPU
		{C3711D8D-21A1-4E9A-B130-F4B4193C24E6}.Release|Any CPU.ActiveCfg = Release|Any CPU
		{C3711D8D-21A1-4E9A-B130-F4B4193C24E6}.Release|Any CPU.Build.0 = Release|Any CPU
	EndGlobalSection
	GlobalSection(SolutionProperties) = preSolution
		HideSolutionNode = FALSE
	EndGlobalSection
EndGlobal
